
Microsoft Visual Studio Solution File, Format Version 12.00
# Visual Studio Version 17
VisualStudioVersion = 17.1.32407.343
MinimumVisualStudioVersion = 10.0.40219.1
Project("{FAE04EC0-301F-11D3-BF4B-00C04F79EFBC}") = "C-Sharp-Struct", "C-Sharp-Struct.csproj", "{680ACACC-6E31-4548-A126-1DF3CC35DC1B}"
EndProject
Global
	GlobalSection(SolutionConfigurationPlatforms) = preSolution
		Debug|Any CPU = Debug|Any CPU
		Release|Any CPU = Release|Any CPU
	EndGlobalSection
	GlobalSection(ProjectConfigurationPlatforms) = postSolution
		{680ACACC-6E31-4548-A126-1DF3CC35DC1B}.Debug|Any CPU.ActiveCfg = Debug|Any CPU
		{680ACACC-6E31-4548-A126-1DF3CC35DC1B}.Debug|Any CPU.Build.0 = Debug|Any CPU
		{680ACACC-6E31-4548-A126-1DF3CC35DC1B}.Release|Any CPU.ActiveCfg = Release|Any CPU
		{680ACACC-6E31-4548-A126-1DF3CC35DC1B}.Release|Any CPU.Build.0 = Release|Any CPU
	EndGlobalSection
	GlobalSection(SolutionProperties) = preSolution
		HideSolutionNode = FALSE
	EndGlobalSection
	GlobalSection(ExtensibilityGlobals) = postSolution
		SolutionGuid = {533AD2AB-5104-4972-B1DD-5CD9A9C9AA83}
	EndGlobalSection
EndGlobal
